
Microsoft Visual Studio Solution File, Format Version 12.00
# Visual Studio Version 17
VisualStudioVersion = 17.11.35312.102
MinimumVisualStudioVersion = 10.0.40219.1
Project("{FAE04EC0-301F-11D3-BF4B-00C04F79EFBC}") = "01_MainSubjects", "01_MainSubjects\01_MainSubjects.csproj", "{67F6CBC3-7214-4EC9-86F5-C3E0FC35918E}"
EndProject
Project("{FAE04EC0-301F-11D3-BF4B-00C04F79EFBC}") = "02_Variables", "02_Variables\02_Variables.csproj", "{49997409-E400-492A-9F10-1BAEEBD32027}"
EndProject
Project("{FAE04EC0-301F-11D3-BF4B-00C04F79EFBC}") = "03_MakingDecision", "03_MakingDecision\03_MakingDecision.csproj", "{8F9E1E91-3383-4999-96B9-0061BB314BDD}"
EndProject
Project("{FAE04EC0-301F-11D3-BF4B-00C04F79EFBC}") = "04_Loops", "04_Loops\04_Loops.csproj", "{DDA55943-C936-4DE2-B17B-973B3F7105B1}"
EndProject
Project("{FAE04EC0-301F-11D3-BF4B-00C04F79EFBC}") = "05_LoopsWithStars", "05_LoopsWithStars\05_LoopsWithStars.csproj", "{C2F27EAC-8C9C-4194-8F3A-F775E5053A3A}"
EndProject
Project("{FAE04EC0-301F-11D3-BF4B-00C04F79EFBC}") = "06_Arrays", "06_Arrays\06_Arrays.csproj", "{CE105F1F-9423-4FA2-9AC9-F868D5170D50}"
EndProject
Project("{FAE04EC0-301F-11D3-BF4B-00C04F79EFBC}") = "07_ForeachLoop", "07_ForeachLoop\07_ForeachLoop.csproj", "{622C1153-F937-4635-A136-C80ACD47BE18}"
EndProject
Global
	GlobalSection(SolutionConfigurationPlatforms) = preSolution
		Debug|Any CPU = Debug|Any CPU
		Release|Any CPU = Release|Any CPU
	EndGlobalSection
	GlobalSection(ProjectConfigurationPlatforms) = postSolution
		{67F6CBC3-7214-4EC9-86F5-C3E0FC35918E}.Debug|Any CPU.ActiveCfg = Debug|Any CPU
		{67F6CBC3-7214-4EC9-86F5-C3E0FC35918E}.Debug|Any CPU.Build.0 = Debug|Any CPU
		{67F6CBC3-7214-4EC9-86F5-C3E0FC35918E}.Release|Any CPU.ActiveCfg = Release|Any CPU
		{67F6CBC3-7214-4EC9-86F5-C3E0FC35918E}.Release|Any CPU.Build.0 = Release|Any CPU
		{49997409-E400-492A-9F10-1BAEEBD32027}.Debug|Any CPU.ActiveCfg = Debug|Any CPU
		{49997409-E400-492A-9F10-1BAEEBD32027}.Debug|Any CPU.Build.0 = Debug|Any CPU
		{49997409-E400-492A-9F10-1BAEEBD32027}.Release|Any CPU.ActiveCfg = Release|Any CPU
		{49997409-E400-492A-9F10-1BAEEBD32027}.Release|Any CPU.Build.0 = Release|Any CPU
		{8F9E1E91-3383-4999-96B9-0061BB314BDD}.Debug|Any CPU.ActiveCfg = Debug|Any CPU
		{8F9E1E91-3383-4999-96B9-0061BB314BDD}.Debug|Any CPU.Build.0 = Debug|Any CPU
		{8F9E1E91-3383-4999-96B9-0061BB314BDD}.Release|Any CPU.ActiveCfg = Release|Any CPU
		{8F9E1E91-3383-4999-96B9-0061BB314BDD}.Release|Any CPU.Build.0 = Release|Any CPU
		{DDA55943-C936-4DE2-B17B-973B3F7105B1}.Debug|Any CPU.ActiveCfg = Debug|Any CPU
		{DDA55943-C936-4DE2-B17B-973B3F7105B1}.Debug|Any CPU.Build.0 = Debug|Any CPU
		{DDA55943-C936-4DE2-B17B-973B3F7105B1}.Release|Any CPU.ActiveCfg = Release|Any CPU
		{DDA55943-C936-4DE2-B17B-973B3F7105B1}.Release|Any CPU.Build.0 = Release|Any CPU
		{C2F27EAC-8C9C-4194-8F3A-F775E5053A3A}.Debug|Any CPU.ActiveCfg = Debug|Any CPU
		{C2F27EAC-8C9C-4194-8F3A-F775E5053A3A}.Debug|Any CPU.Build.0 = Debug|Any CPU
		{C2F27EAC-8C9C-4194-8F3A-F775E5053A3A}.Release|Any CPU.ActiveCfg = Release|Any CPU
		{C2F27EAC-8C9C-4194-8F3A-F775E5053A3A}.Release|Any CPU.Build.0 = Release|Any CPU
		{CE105F1F-9423-4FA2-9AC9-F868D5170D50}.Debug|Any CPU.ActiveCfg = Debug|Any CPU
		{CE105F1F-9423-4FA2-9AC9-F868D5170D50}.Debug|Any CPU.Build.0 = Debug|Any CPU
		{CE105F1F-9423-4FA2-9AC9-F868D5170D50}.Release|Any CPU.ActiveCfg = Release|Any CPU
		{CE105F1F-9423-4FA2-9AC9-F868D5170D50}.Release|Any CPU.Build.0 = Release|Any CPU
		{622C1153-F937-4635-A136-C80ACD47BE18}.Debug|Any CPU.ActiveCfg = Debug|Any CPU
		{622C1153-F937-4635-A136-C80ACD47BE18}.Debug|Any CPU.Build.0 = Debug|Any CPU
		{622C1153-F937-4635-A136-C80ACD47BE18}.Release|Any CPU.ActiveCfg = Release|Any CPU
		{622C1153-F937-4635-A136-C80ACD47BE18}.Release|Any CPU.Build.0 = Release|Any CPU
	EndGlobalSection
	GlobalSection(SolutionProperties) = preSolution
		HideSolutionNode = FALSE
	EndGlobalSection
	GlobalSection(ExtensibilityGlobals) = postSolution
		SolutionGuid = {4F2074F9-B383-446E-8DEE-8A01C721CEA5}
	EndGlobalSection
EndGlobal
